
Microsoft Visual Studio Solution File, Format Version 12.00
# Visual Studio Version 17
VisualStudioVersion = 17.4.33213.308
MinimumVisualStudioVersion = 10.0.40219.1
Project("{FAE04EC0-301F-11D3-BF4B-00C04F79EFBC}") = "ContactsManagementApi", "ContactsManagementApi.csproj", "{34824060-C477-4CD7-A4DC-137A189017A8}"
EndProject
Project("{FAE04EC0-301F-11D3-BF4B-00C04F79EFBC}") = "ContactsManagementApi.Tests", "..\ContactsManagementApi.Tests\ContactsManagementApi.Tests.csproj", "{708C1C5A-0746-422F-9DB0-AB8C72EDFDA2}"
EndProject
Global
	GlobalSection(SolutionConfigurationPlatforms) = preSolution
		Debug|Any CPU = Debug|Any CPU
		Release|Any CPU = Release|Any CPU
	EndGlobalSection
	GlobalSection(ProjectConfigurationPlatforms) = postSolution
		{34824060-C477-4CD7-A4DC-137A189017A8}.Debug|Any CPU.ActiveCfg = Debug|Any CPU
		{34824060-C477-4CD7-A4DC-137A189017A8}.Debug|Any CPU.Build.0 = Debug|Any CPU
		{34824060-C477-4CD7-A4DC-137A189017A8}.Release|Any CPU.ActiveCfg = Release|Any CPU
		{34824060-C477-4CD7-A4DC-137A189017A8}.Release|Any CPU.Build.0 = Release|Any CPU
		{708C1C5A-0746-422F-9DB0-AB8C72EDFDA2}.Debug|Any CPU.ActiveCfg = Debug|Any CPU
		{708C1C5A-0746-422F-9DB0-AB8C72EDFDA2}.Debug|Any CPU.Build.0 = Debug|Any CPU
		{708C1C5A-0746-422F-9DB0-AB8C72EDFDA2}.Release|Any CPU.ActiveCfg = Release|Any CPU
		{708C1C5A-0746-422F-9DB0-AB8C72EDFDA2}.Release|Any CPU.Build.0 = Release|Any CPU
	EndGlobalSection
	GlobalSection(SolutionProperties) = preSolution
		HideSolutionNode = FALSE
	EndGlobalSection
	GlobalSection(ExtensibilityGlobals) = postSolution
		SolutionGuid = {22490B0A-D070-464F-A721-026F8282E9B9}
	EndGlobalSection
EndGlobal
